
Microsoft Visual Studio Solution File, Format Version 12.00
# Visual Studio 15
Project("{FAE04EC0-301F-11D3-BF4B-00C04F79EFBC}") = "Assembly-CSharp", "Assembly-CSharp.csproj", "{7C62991D-88C6-B134-A7C3-92D50FF46F27}"
EndProject
Project("{FAE04EC0-301F-11D3-BF4B-00C04F79EFBC}") = "Tests", "Tests.csproj", "{202802E6-0447-9DB1-4486-7F943840BC92}"
EndProject
Global
	GlobalSection(SolutionConfigurationPlatforms) = preSolution
		Debug|Any CPU = Debug|Any CPU
		Release|Any CPU = Release|Any CPU
	EndGlobalSection
	GlobalSection(ProjectConfigurationPlatforms) = postSolution
		{7C62991D-88C6-B134-A7C3-92D50FF46F27}.Debug|Any CPU.ActiveCfg = Debug|Any CPU
		{7C62991D-88C6-B134-A7C3-92D50FF46F27}.Debug|Any CPU.Build.0 = Debug|Any CPU
		{7C62991D-88C6-B134-A7C3-92D50FF46F27}.Release|Any CPU.ActiveCfg = Release|Any CPU
		{7C62991D-88C6-B134-A7C3-92D50FF46F27}.Release|Any CPU.Build.0 = Release|Any CPU
		{202802E6-0447-9DB1-4486-7F943840BC92}.Debug|Any CPU.ActiveCfg = Debug|Any CPU
		{202802E6-0447-9DB1-4486-7F943840BC92}.Debug|Any CPU.Build.0 = Debug|Any CPU
		{202802E6-0447-9DB1-4486-7F943840BC92}.Release|Any CPU.ActiveCfg = Release|Any CPU
		{202802E6-0447-9DB1-4486-7F943840BC92}.Release|Any CPU.Build.0 = Release|Any CPU
	EndGlobalSection
	GlobalSection(SolutionProperties) = preSolution
		HideSolutionNode = FALSE
	EndGlobalSection
EndGlobal
